// !$*UTF8*$!
{
	archiveVersion = 1;
	classes = {
	};
	objectVersion = 48;
	objects = {

/* Begin PBXBuildFile section */
		B7D3EC351FFDD88C004CAD69 /* AppDelegate.swift in Sources */ = {isa = PBXBuildFile; fileRef = B7D3EC341FFDD88C004CAD69 /* AppDelegate.swift */; };
		B7D3EC371FFDD88C004CAD69 /* ViewController.swift in Sources */ = {isa = PBXBuildFile; fileRef = B7D3EC361FFDD88C004CAD69 /* ViewController.swift */; };
		B7D3EC3A1FFDD88C004CAD69 /* Main.storyboard in Resources */ = {isa = PBXBuildFile; fileRef = B7D3EC381FFDD88C004CAD69 /* Main.storyboard */; };
		B7D3EC3C1FFDD88C004CAD69 /* Assets.xcassets in Resources */ = {isa = PBXBuildFile; fileRef = B7D3EC3B1FFDD88C004CAD69 /* Assets.xcassets */; };
		B7D3EC3F1FFDD88C004CAD69 /* LaunchScreen.storyboard in Resources */ = {isa = PBXBuildFile; fileRef = B7D3EC3D1FFDD88C004CAD69 /* LaunchScreen.storyboard */; };
		B7D3EC4A1FFDD88C004CAD69 /* PullToRefreshTests.swift in Sources */ = {isa = PBXBuildFile; fileRef = B7D3EC491FFDD88C004CAD69 /* PullToRefreshTests.swift */; };
/* End PBXBuildFile section */

/* Begin PBXContainerItemProxy section */
		B7D3EC461FFDD88C004CAD69 /* PBXContainerItemProxy */ = {
			isa = PBXContainerItemProxy;
			containerPortal = B7D3EC291FFDD88C004CAD69 /* Project object */;
			proxyType = 1;
			remoteGlobalIDString = B7D3EC301FFDD88C004CAD69;
			remoteInfo = PullToRefresh;
		};
/* End PBXContainerItemProxy section */

/* Begin PBXFileReference section */
		B7D3EC311FFDD88C004CAD69 /* PullToRefresh.app */ = {isa = PBXFileReference; explicitFileType = wrapper.application; includeInIndex = 0; path = PullToRefresh.app; sourceTree = BUILT_PRODUCTS_DIR; };
		B7D3EC341FFDD88C004CAD69 /* AppDelegate.swift */ = {isa = PBXFileReference; lastKnownFileType = sourcecode.swift; path = AppDelegate.swift; sourceTree = "<group>"; };
		B7D3EC361FFDD88C004CAD69 /* ViewController.swift */ = {isa = PBXFileReference; lastKnownFileType = sourcecode.swift; path = ViewController.swift; sourceTree = "<group>"; };
		B7D3EC391FFDD88C004CAD69 /* Base */ = {isa = PBXFileReference; lastKnownFileType = file.storyboard; name = Base; path = Base.lproj/Main.storyboard; sourceTree = "<group>"; };
		B7D3EC3B1FFDD88C004CAD69 /* Assets.xcassets */ = {isa = PBXFileReference; lastKnownFileType = folder.assetcatalog; path = Assets.xcassets; sourceTree = "<group>"; };
		B7D3EC3E1FFDD88C004CAD69 /* Base */ = {isa = PBXFileReference; lastKnownFileType = file.storyboard; name = Base; path = Base.lproj/LaunchScreen.storyboard; sourceTree = "<group>"; };
		B7D3EC401FFDD88C004CAD69 /* Info.plist */ = {isa = PBXFileReference; lastKnownFileType = text.plist.xml; path = Info.plist; sourceTree = "<group>"; };
		B7D3EC451FFDD88C004CAD69 /* PullToRefreshTests.xctest */ = {isa = PBXFileReference; explicitFileType = wrapper.cfbundle; includeInIndex = 0; path = PullToRefreshTests.xctest; sourceTree = BUILT_PRODUCTS_DIR; };
		B7D3EC491FFDD88C004CAD69 /* PullToRefreshTests.swift */ = {isa = PBXFileReference; lastKnownFileType = sourcecode.swift; path = PullToRefreshTests.swift; sourceTree = "<group>"; };
		B7D3EC4B1FFDD88C004CAD69 /* Info.plist */ = {isa = PBXFileReference; lastKnownFileType = text.plist.xml; path = Info.plist; sourceTree = "<group>"; };
/* End PBXFileReference section */

/* Begin PBXFrameworksBuildPhase section */
		B7D3EC2E1FFDD88C004CAD69 /* Frameworks */ = {
			isa = PBXFrameworksBuildPhase;
			buildActionMask = 2147483647;
			files = (
			);
			runOnlyForDeploymentPostprocessing = 0;
		};
		B7D3EC421FFDD88C004CAD69 /* Frameworks */ = {
			isa = PBXFrameworksBuildPhase;
			buildActionMask = 2147483647;
			files = (
			);
			runOnlyForDeploymentPostprocessing = 0;
		};
/* End PBXFrameworksBuildPhase section */

/* Begin PBXGroup section */
		B7D3EC281FFDD88C004CAD69 = {
			isa = PBXGroup;
			children = (
				B7D3EC331FFDD88C004CAD69 /* PullToRefresh */,
				B7D3EC481FFDD88C004CAD69 /* PullToRefreshTests */,
				B7D3EC321FFDD88C004CAD69 /* Products */,
			);
			sourceTree = "<group>";
		};
		B7D3EC321FFDD88C004CAD69 /* Products */ = {
			isa = PBXGroup;
			children = (
				B7D3EC311FFDD88C004CAD69 /* PullToRefresh.app */,
				B7D3EC451FFDD88C004CAD69 /* PullToRefreshTests.xctest */,
			);
			name = Products;
			sourceTree = "<group>";
		};
		B7D3EC331FFDD88C004CAD69 /* PullToRefresh */ = {
			isa = PBXGroup;
			children = (
				B7D3EC341FFDD88C004CAD69 /* AppDelegate.swift */,
				B7D3EC361FFDD88C004CAD69 /* ViewController.swift */,
				B7D3EC381FFDD88C004CAD69 /* Main.storyboard */,
				B7D3EC3B1FFDD88C004CAD69 /* Assets.xcassets */,
				B7D3EC3D1FFDD88C004CAD69 /* LaunchScreen.storyboard */,
				B7D3EC401FFDD88C004CAD69 /* Info.plist */,
			);
			path = PullToRefresh;
			sourceTree = "<group>";
		};
		B7D3EC481FFDD88C004CAD69 /* PullToRefreshTests */ = {
			isa = PBXGroup;
			children = (
				B7D3EC491FFDD88C004CAD69 /* PullToRefreshTests.swift */,
				B7D3EC4B1FFDD88C004CAD69 /* Info.plist */,
			);
			path = PullToRefreshTests;
			sourceTree = "<group>";
		};
/* End PBXGroup section */

/* Begin PBXNativeTarget section */
		B7D3EC301FFDD88C004CAD69 /* PullToRefresh */ = {
			isa = PBXNativeTarget;
			buildConfigurationList = B7D3EC4E1FFDD88C004CAD69 /* Build configuration list for PBXNativeTarget "PullToRefresh" */;
			buildPhases = (
				B7D3EC2D1FFDD88C004CAD69 /* Sources */,
				B7D3EC2E1FFDD88C004CAD69 /* Frameworks */,
				B7D3EC2F1FFDD88C004CAD69 /* Resources */,
			);
			buildRules = (
			);
			dependencies = (
			);
			name = PullToRefresh;
			productName = PullToRefresh;
			productReference = B7D3EC311FFDD88C004CAD69 /* PullToRefresh.app */;
			productType = "com.apple.product-type.application";
		};
		B7D3EC441FFDD88C004CAD69 /* PullToRefreshTests */ = {
			isa = PBXNativeTarget;
			buildConfigurationList = B7D3EC511FFDD88C004CAD69 /* Build configuration list for PBXNativeTarget "PullToRefreshTests" */;
			buildPhases = (
				B7D3EC411FFDD88C004CAD69 /* Sources */,
				B7D3EC421FFDD88C004CAD69 /* Frameworks */,
				B7D3EC431FFDD88C004CAD69 /* Resources */,
			);
			buildRules = (
			);
			dependencies = (
				B7D3EC471FFDD88C004CAD69 /* PBXTargetDependency */,
			);
			name = PullToRefreshTests;
			productName = PullToRefreshTests;
			productReference = B7D3EC451FFDD88C004CAD69 /* PullToRefreshTests.xctest */;
			productType = "com.apple.product-type.bundle.unit-test";
		};
/* End PBXNativeTarget section */

/* Begin PBXProject section */
		B7D3EC291FFDD88C004CAD69 /* Project object */ = {
			isa = PBXProject;
			attributes = {
				LastSwiftUpdateCheck = 0920;
				LastUpgradeCheck = 0920;
				ORGANIZATIONNAME = Sunny;
				TargetAttributes = {
					B7D3EC301FFDD88C004CAD69 = {
						CreatedOnToolsVersion = 9.2;
						ProvisioningStyle = Automatic;
					};
					B7D3EC441FFDD88C004CAD69 = {
						CreatedOnToolsVersion = 9.2;
						ProvisioningStyle = Automatic;
						TestTargetID = B7D3EC301FFDD88C004CAD69;
					};
				};
			};
			buildConfigurationList = B7D3EC2C1FFDD88C004CAD69 /* Build configuration list for PBXProject "PullToRefresh" */;
			compatibilityVersion = "Xcode 8.0";
			developmentRegion = en;
			hasScannedForEncodings = 0;
			knownRegions = (
				en,
				Base,
			);
			mainGroup = B7D3EC281FFDD88C004CAD69;
			productRefGroup = B7D3EC321FFDD88C004CAD69 /* Products */;
			projectDirPath = "";
			projectRoot = "";
			targets = (
				B7D3EC301FFDD88C004CAD69 /* PullToRefresh */,
				B7D3EC441FFDD88C004CAD69 /* PullToRefreshTests */,
			);
		};
/* End PBXProject section */

/* Begin PBXResourcesBuildPhase section */
		B7D3EC2F1FFDD88C004CAD69 /* Resources */ = {
			isa = PBXResourcesBuildPhase;
			buildActionMask = 2147483647;
			files = (
				B7D3EC3F1FFDD88C004CAD69 /* LaunchScreen.storyboard in Resources */,
				B7D3EC3C1FFDD88C004CAD69 /* Assets.xcassets in Resources */,
				B7D3EC3A1FFDD88C004CAD69 /* Main.storyboard in Resources */,
			);
			runOnlyForDeploymentPostprocessing = 0;
		};
		B7D3EC431FFDD88C004CAD69 /* Resources */ = {
			isa = PBXResourcesBuildPhase;
			buildActionMask = 2147483647;
			files = (
			);
			runOnlyForDeploymentPostprocessing = 0;
		};
/* End PBXResourcesBuildPhase section */

/* Begin PBXSourcesBuildPhase section */
		B7D3EC2D1FFDD88C004CAD69 /* Sources */ = {
			isa = PBXSourcesBuildPhase;
			buildActionMask = 2147483647;
			files = (
				B7D3EC371FFDD88C004CAD69 /* ViewController.swift in Sources */,
				B7D3EC351FFDD88C004CAD69 /* AppDelegate.swift in Sources */,
			);
			runOnlyForDeploymentPostprocessing = 0;
		};
		B7D3EC411FFDD88C004CAD69 /* Sources */ = {
			isa = PBXSourcesBuildPhase;
			buildActionMask = 2147483647;
			files = (
				B7D3EC4A1FFDD88C004CAD69 /* PullToRefreshTests.swift in Sources */,
			);
			runOnlyForDeploymentPostprocessing = 0;
		};
/* End PBXSourcesBuildPhase section */

/* Begin PBXTargetDependency section */
		B7D3EC471FFDD88C004CAD69 /* PBXTargetDependency */ = {
			isa = PBXTargetDependency;
			target = B7D3EC301FFDD88C004CAD69 /* PullToRefresh */;
			targetProxy = B7D3EC461FFDD88C004CAD69 /* PBXContainerItemProxy */;
		};
/* End PBXTargetDependency section */

/* Begin PBXVariantGroup section */
		B7D3EC381FFDD88C004CAD69 /* Main.storyboard */ = {
			isa = PBXVariantGroup;
			children = (
				B7D3EC391FFDD88C004CAD69 /* Base */,
			);
			name = Main.storyboard;
			sourceTree = "<group>";
		};
		B7D3EC3D1FFDD88C004CAD69 /* LaunchScreen.storyboard */ = {
			isa = PBXVariantGroup;
			children = (
				B7D3EC3E1FFDD88C004CAD69 /* Base */,
			);
			name = LaunchScreen.storyboard;
			sourceTree = "<group>";
		};
/* End PBXVariantGroup section */

/* Begin XCBuildConfiguration section */
		B7D3EC4C1FFDD88C004CAD69 /* Debug */ = {
			isa = XCBuildConfiguration;
			buildSettings = {
				ALWAYS_SEARCH_USER_PATHS = NO;
				CLANG_ANALYZER_NONNULL = YES;
				CLANG_ANALYZER_NUMBER_OBJECT_CONVERSION = YES_AGGRESSIVE;
				CLANG_CXX_LANGUAGE_STANDARD = "gnu++14";
				CLANG_CXX_LIBRARY = "libc++";
				CLANG_ENABLE_MODULES = YES;
				CLANG_ENABLE_OBJC_ARC = YES;
				CLANG_WARN_BLOCK_CAPTURE_AUTORELEASING = YES;
				CLANG_WARN_BOOL_CONVERSION = YES;
				CLANG_WARN_COMMA = YES;
				CLANG_WARN_CONSTANT_CONVERSION = YES;
				CLANG_WARN_DIRECT_OBJC_ISA_USAGE = YES_ERROR;
				CLANG_WARN_DOCUMENTATION_COMMENTS = YES;
				CLANG_WARN_EMPTY_BODY = YES;
				CLANG_WARN_ENUM_CONVERSION = YES;
				CLANG_WARN_INFINITE_RECURSION = YES;
				CLANG_WARN_INT_CONVERSION = YES;
				CLANG_WARN_NON_LITERAL_NULL_CONVERSION = YES;
				CLANG_WARN_OBJC_LITERAL_CONVERSION = YES;
				CLANG_WARN_OBJC_ROOT_CLASS = YES_ERROR;
				CLANG_WARN_RANGE_LOOP_ANALYSIS = YES;
				CLANG_WARN_STRICT_PROTOTYPES = YES;
				CLANG_WARN_SUSPICIOUS_MOVE = YES;
				CLANG_WARN_UNGUARDED_AVAILABILITY = YES_AGGRESSIVE;
				CLANG_WARN_UNREACHABLE_CODE = YES;
				CLANG_WARN__DUPLICATE_METHOD_MATCH = YES;
				CODE_SIGN_IDENTITY = "iPhone Developer";
				COPY_PHASE_STRIP = NO;
				DEBUG_INFORMATION_FORMAT = dwarf;
				ENABLE_STRICT_OBJC_MSGSEND = YES;
				ENABLE_TESTABILITY = YES;
				GCC_C_LANGUAGE_STANDARD = gnu11;
				GCC_DYNAMIC_NO_PIC = NO;
				GCC_NO_COMMON_BLOCKS = YES;
				GCC_OPTIMIZATION_LEVEL = 0;
				GCC_PREPROCESSOR_DEFINITIONS = (
					"DEBUG=1",
					"$(inherited)",
				);
				GCC_WARN_64_TO_32_BIT_CONVERSION = YES;
				GCC_WARN_ABOUT_RETURN_TYPE = YES_ERROR;
				GCC_WARN_UNDECLARED_SELECTOR = YES;
				GCC_WARN_UNINITIALIZED_AUTOS = YES_AGGRESSIVE;
				GCC_WARN_UNUSED_FUNCTION = YES;
				GCC_WARN_UNUSED_VARIABLE = YES;
				IPHONEOS_DEPLOYMENT_TARGET = 11.2;
				MTL_ENABLE_DEBUG_INFO = YES;
				ONLY_ACTIVE_ARCH = YES;
				SDKROOT = iphoneos;
				SWIFT_ACTIVE_COMPILATION_CONDITIONS = DEBUG;
				SWIFT_OPTIMIZATION_LEVEL = "-Onone";
			};
			name = Debug;
		};
		B7D3EC4D1FFDD88C004CAD69 /* Release */ = {
			isa = XCBuildConfiguration;
			buildSettings = {
				ALWAYS_SEARCH_USER_PATHS = NO;
				CLANG_ANALYZER_NONNULL = YES;
				CLANG_ANALYZER_NUMBER_OBJECT_CONVERSION = YES_AGGRESSIVE;
				CLANG_CXX_LANGUAGE_STANDARD = "gnu++14";
				CLANG_CXX_LIBRARY = "libc++";
				CLANG_ENABLE_MODULES = YES;
				CLANG_ENABLE_OBJC_ARC = YES;
				CLANG_WARN_BLOCK_CAPTURE_AUTORELEASING = YES;
				CLANG_WARN_BOOL_CONVERSION = YES;
				CLANG_WARN_COMMA = YES;
				CLANG_WARN_CONSTANT_CONVERSION = YES;
				CLANG_WARN_DIRECT_OBJC_ISA_USAGE = YES_ERROR;
				CLANG_WARN_DOCUMENTATION_COMMENTS = YES;
				CLANG_WARN_EMPTY_BODY = YES;
				CLANG_WARN_ENUM_CONVERSION = YES;
				CLANG_WARN_INFINITE_RECURSION = YES;
				CLANG_WARN_INT_CONVERSION = YES;
				CLANG_WARN_NON_LITERAL_NULL_CONVERSION = YES;
				CLANG_WARN_OBJC_LITERAL_CONVERSION = YES;
				CLANG_WARN_OBJC_ROOT_CLASS = YES_ERROR;
				CLANG_WARN_RANGE_LOOP_ANALYSIS = YES;
				CLANG_WARN_STRICT_PROTOTYPES = YES;
				CLANG_WARN_SUSPICIOUS_MOVE = YES;
				CLANG_WARN_UNGUARDED_AVAILABILITY = YES_AGGRESSIVE;
				CLANG_WARN_UNREACHABLE_CODE = YES;
				CLANG_WARN__DUPLICATE_METHOD_MATCH = YES;
				CODE_SIGN_IDENTITY = "iPhone Developer";
				COPY_PHASE_STRIP = NO;
				DEBUG_INFORMATION_FORMAT = "dwarf-with-dsym";
				ENABLE_NS_ASSERTIONS = NO;
				ENABLE_STRICT_OBJC_MSGSEND = YES;
				GCC_C_LANGUAGE_STANDARD = gnu11;
				GCC_NO_COMMON_BLOCKS = YES;
				GCC_WARN_64_TO_32_BIT_CONVERSION = YES;
				GCC_WARN_ABOUT_RETURN_TYPE = YES_ERROR;
				GCC_WARN_UNDECLARED_SELECTOR = YES;
				GCC_WARN_UNINITIALIZED_AUTOS = YES_AGGRESSIVE;
				GCC_WARN_UNUSED_FUNCTION = YES;
				GCC_WARN_UNUSED_VARIABLE = YES;
				IPHONEOS_DEPLOYMENT_TARGET = 11.2;
				MTL_ENABLE_DEBUG_INFO = NO;
				SDKROOT = iphoneos;
				SWIFT_OPTIMIZATION_LEVEL = "-Owholemodule";
				VALIDATE_PRODUCT = YES;
			};
			name = Release;
		};
		B7D3EC4F1FFDD88C004CAD69 /* Debug */ = {
			isa = XCBuildConfiguration;
			buildSettings = {
				ASSETCATALOG_COMPILER_APPICON_NAME = AppIcon;
				CODE_SIGN_STYLE = Automatic;
				INFOPLIST_FILE = PullToRefresh/Info.plist;
				LD_RUNPATH_SEARCH_PATHS = "$(inherited) @executable_path/Frameworks";
				PRODUCT_BUNDLE_IDENTIFIER = com.Sunny.PullToRefresh;
				PRODUCT_NAME = "$(TARGET_NAME)";
				SWIFT_VERSION = 4.0;
				TARGETED_DEVICE_FAMILY = "1,2";
			};
			name = Debug;
		};
		B7D3EC501FFDD88C004CAD69 /* Release */ = {
			isa = XCBuildConfiguration;
			buildSettings = {
				ASSETCATALOG_COMPILER_APPICON_NAME = AppIcon;
				CODE_SIGN_STYLE = Automatic;
				INFOPLIST_FILE = PullToRefresh/Info.plist;
				LD_RUNPATH_SEARCH_PATHS = "$(inherited) @executable_path/Frameworks";
				PRODUCT_BUNDLE_IDENTIFIER = com.Sunny.PullToRefresh;
				PRODUCT_NAME = "$(TARGET_NAME)";
				SWIFT_VERSION = 4.0;
				TARGETED_DEVICE_FAMILY = "1,2";
			};
			name = Release;
		};
		B7D3EC521FFDD88C004CAD69 /* Debug */ = {
			isa = XCBuildConfiguration;
			buildSettings = {
				ALWAYS_EMBED_SWIFT_STANDARD_LIBRARIES = YES;
				BUNDLE_LOADER = "$(TEST_HOST)";
				CODE_SIGN_STYLE = Automatic;
				INFOPLIST_FILE = PullToRefreshTests/Info.plist;
				LD_RUNPATH_SEARCH_PATHS = "$(inherited) @executable_path/Frameworks @loader_path/Frameworks";
				PRODUCT_BUNDLE_IDENTIFIER = com.Sunny.PullToRefreshTests;
				PRODUCT_NAME = "$(TARGET_NAME)";
				SWIFT_VERSION = 4.0;
				TARGETED_DEVICE_FAMILY = "1,2";
				TEST_HOST = "$(BUILT_PRODUCTS_DIR)/PullToRefresh.app/PullToRefresh";
			};
			name = Debug;
		};
		B7D3EC531FFDD88C004CAD69 /* Release */ = {
			isa = XCBuildConfiguration;
			buildSettings = {
				ALWAYS_EMBED_SWIFT_STANDARD_LIBRARIES = YES;
				BUNDLE_LOADER = "$(TEST_HOST)";
				CODE_SIGN_STYLE = Automatic;
				INFOPLIST_FILE = PullToRefreshTests/Info.plist;
				LD_RUNPATH_SEARCH_PATHS = "$(inherited) @executable_path/Frameworks @loader_path/Frameworks";
				PRODUCT_BUNDLE_IDENTIFIER = com.Sunny.PullToRefreshTests;
				PRODUCT_NAME = "$(TARGET_NAME)";
				SWIFT_VERSION = 4.0;
				TARGETED_DEVICE_FAMILY = "1,2";
				TEST_HOST = "$(BUILT_PRODUCTS_DIR)/PullToRefresh.app/PullToRefresh";
			};
			name = Release;
		};
/* End XCBuildConfiguration section */

/* Begin XCConfigurationList section */
		B7D3EC2C1FFDD88C004CAD69 /* Build configuration list for PBXProject "PullToRefresh" */ = {
			isa = XCConfigurationList;
			buildConfigurations = (
				B7D3EC4C1FFDD88C004CAD69 /* Debug */,
				B7D3EC4D1FFDD88C004CAD69 /* Release */,
			);
			defaultConfigurationIsVisible = 0;
			defaultConfigurationName = Release;
		};
		B7D3EC4E1FFDD88C004CAD69 /* Build configuration list for PBXNativeTarget "PullToRefresh" */ = {
			isa = XCConfigurationList;
			buildConfigurations = (
				B7D3EC4F1FFDD88C004CAD69 /* Debug */,
				B7D3EC501FFDD88C004CAD69 /* Release */,
			);
			defaultConfigurationIsVisible = 0;
			defaultConfigurationName = Release;
		};
		B7D3EC511FFDD88C004CAD69 /* Build configuration list for PBXNativeTarget "PullToRefreshTests" */ = {
			isa = XCConfigurationList;
			buildConfigurations = (
				B7D3EC521FFDD88C004CAD69 /* Debug */,
				B7D3EC531FFDD88C004CAD69 /* Release */,
			);
			defaultConfigurationIsVisible = 0;
			defaultConfigurationName = Release;
		};
/* End XCConfigurationList section */
	};
	rootObject = B7D3EC291FFDD88C004CAD69 /* Project object */;
}
